[[package]]
name = "argparse"
version = "1.4.0"
description = "Python command-line parsing library"
category = "main"
optional = false
python-versions = "*"

[metadata]
lock-version = "1.1"
python-versions = "^3.9"
content-hash = "72e8b4f9c3ed117a0920b1152f758e50c756fc7126deaf03a7cb1f5d8abe0ea3"

[metadata.files]
argparse = []
